// !$*UTF8*$!
{
	archiveVersion = 1;
	classes = {
	};
	objectVersion = 77;
	objects = {

/* Begin PBXContainerItemProxy section */
		617FC3072D3A692D00E52154 /* PBXContainerItemProxy */ = {
			isa = PBXContainerItemProxy;
			containerPortal = 617FC2E42D3A692C00E52154 /* Project object */;
			proxyType = 1;
			remoteGlobalIDString = 617FC2EB2D3A692C00E52154;
			remoteInfo = TradingDiary;
		};
		617FC3112D3A692D00E52154 /* PBXContainerItemProxy */ = {
			isa = PBXContainerItemProxy;
			containerPortal = 617FC2E42D3A692C00E52154 /* Project object */;
			proxyType = 1;
			remoteGlobalIDString = 617FC2EB2D3A692C00E52154;
			remoteInfo = TradingDiary;
		};
/* End PBXContainerItemProxy section */

/* Begin PBXFileReference section */
		617FC2EC2D3A692C00E52154 /* TradingDiary.app */ = {isa = PBXFileReference; explicitFileType = wrapper.application; includeInIndex = 0; path = TradingDiary.app; sourceTree = BUILT_PRODUCTS_DIR; };
		617FC3062D3A692D00E52154 /* TradingDiaryTests.xctest */ = {isa = PBXFileReference; explicitFileType = wrapper.cfbundle; includeInIndex = 0; path = TradingDiaryTests.xctest; sourceTree = BUILT_PRODUCTS_DIR; };
		617FC3102D3A692D00E52154 /* TradingDiaryUITests.xctest */ = {isa = PBXFileReference; explicitFileType = wrapper.cfbundle; includeInIndex = 0; path = TradingDiaryUITests.xctest; sourceTree = BUILT_PRODUCTS_DIR; };
/* End PBXFileReference section */

/* Begin PBXFileSystemSynchronizedBuildFileExceptionSet section */
		617FC3182D3A692D00E52154 /* Exceptions for "TradingDiary" folder in "TradingDiary" target */ = {
			isa = PBXFileSystemSynchronizedBuildFileExceptionSet;
			membershipExceptions = (
				Info.plist,
			);
			target = 617FC2EB2D3A692C00E52154 /* TradingDiary */;
		};
/* End PBXFileSystemSynchronizedBuildFileExceptionSet section */

/* Begin PBXFileSystemSynchronizedRootGroup section */
		617FC2EE2D3A692C00E52154 /* TradingDiary */ = {
			isa = PBXFileSystemSynchronizedRootGroup;
			exceptions = (
				617FC3182D3A692D00E52154 /* Exceptions for "TradingDiary" folder in "TradingDiary" target */,
			);
			path = TradingDiary;
			sourceTree = "<group>";
		};
		617FC3092D3A692D00E52154 /* TradingDiaryTests */ = {
			isa = PBXFileSystemSynchronizedRootGroup;
			path = TradingDiaryTests;
			sourceTree = "<group>";
		};
		617FC3132D3A692D00E52154 /* TradingDiaryUITests */ = {
			isa = PBXFileSystemSynchronizedRootGroup;
			path = TradingDiaryUITests;
			sourceTree = "<group>";
		};
/* End PBXFileSystemSynchronizedRootGroup section */

/* Begin PBXFrameworksBuildPhase section */
		617FC2E92D3A692C00E52154 /* Frameworks */ = {
			isa = PBXFrameworksBuildPhase;
			buildActionMask = 2147483647;
			files = (
			);
			runOnlyForDeploymentPostprocessing = 0;
		};
		617FC3032D3A692D00E52154 /* Frameworks */ = {
			isa = PBXFrameworksBuildPhase;
			buildActionMask = 2147483647;
			files = (
			);
			runOnlyForDeploymentPostprocessing = 0;
		};
		617FC30D2D3A692D00E52154 /* Frameworks */ = {
			isa = PBXFrameworksBuildPhase;
			buildActionMask = 2147483647;
			files = (
			);
			runOnlyForDeploymentPostprocessing = 0;
		};
/* End PBXFrameworksBuildPhase section */

/* Begin PBXGroup section */
		617FC2E32D3A692C00E52154 = {
			isa = PBXGroup;
			children = (
				617FC2EE2D3A692C00E52154 /* TradingDiary */,
				617FC3092D3A692D00E52154 /* TradingDiaryTests */,
				617FC3132D3A692D00E52154 /* TradingDiaryUITests */,
				617FC2ED2D3A692C00E52154 /* Products */,
			);
			sourceTree = "<group>";
		};
		617FC2ED2D3A692C00E52154 /* Products */ = {
			isa = PBXGroup;
			children = (
				617FC2EC2D3A692C00E52154 /* TradingDiary.app */,
				617FC3062D3A692D00E52154 /* TradingDiaryTests.xctest */,
				617FC3102D3A692D00E52154 /* TradingDiaryUITests.xctest */,
			);
			name = Products;
			sourceTree = "<group>";
		};
/* End PBXGroup section */

/* Begin PBXNativeTarget section */
		617FC2EB2D3A692C00E52154 /* TradingDiary */ = {
			isa = PBXNativeTarget;
			buildConfigurationList = 617FC3192D3A692D00E52154 /* Build configuration list for PBXNativeTarget "TradingDiary" */;
			buildPhases = (
				617FC2E82D3A692C00E52154 /* Sources */,
				617FC2E92D3A692C00E52154 /* Frameworks */,
				617FC2EA2D3A692C00E52154 /* Resources */,
			);
			buildRules = (
			);
			dependencies = (
			);
			fileSystemSynchronizedGroups = (
				617FC2EE2D3A692C00E52154 /* TradingDiary */,
			);
			name = TradingDiary;
			packageProductDependencies = (
			);
			productName = TradingDiary;
			productReference = 617FC2EC2D3A692C00E52154 /* TradingDiary.app */;
			productType = "com.apple.product-type.application";
		};
		617FC3052D3A692D00E52154 /* TradingDiaryTests */ = {
			isa = PBXNativeTarget;
			buildConfigurationList = 617FC31E2D3A692D00E52154 /* Build configuration list for PBXNativeTarget "TradingDiaryTests" */;
			buildPhases = (
				617FC3022D3A692D00E52154 /* Sources */,
				617FC3032D3A692D00E52154 /* Frameworks */,
				617FC3042D3A692D00E52154 /* Resources */,
			);
			buildRules = (
			);
			dependencies = (
				617FC3082D3A692D00E52154 /* PBXTargetDependency */,
			);
			fileSystemSynchronizedGroups = (
				617FC3092D3A692D00E52154 /* TradingDiaryTests */,
			);
			name = TradingDiaryTests;
			packageProductDependencies = (
			);
			productName = TradingDiaryTests;
			productReference = 617FC3062D3A692D00E52154 /* TradingDiaryTests.xctest */;
			productType = "com.apple.product-type.bundle.unit-test";
		};
		617FC30F2D3A692D00E52154 /* TradingDiaryUITests */ = {
			isa = PBXNativeTarget;
			buildConfigurationList = 617FC3212D3A692D00E52154 /* Build configuration list for PBXNativeTarget "TradingDiaryUITests" */;
			buildPhases = (
				617FC30C2D3A692D00E52154 /* Sources */,
				617FC30D2D3A692D00E52154 /* Frameworks */,
				617FC30E2D3A692D00E52154 /* Resources */,
			);
			buildRules = (
			);
			dependencies = (
				617FC3122D3A692D00E52154 /* PBXTargetDependency */,
			);
			fileSystemSynchronizedGroups = (
				617FC3132D3A692D00E52154 /* TradingDiaryUITests */,
			);
			name = TradingDiaryUITests;
			packageProductDependencies = (
			);
			productName = TradingDiaryUITests;
			productReference = 617FC3102D3A692D00E52154 /* TradingDiaryUITests.xctest */;
			productType = "com.apple.product-type.bundle.ui-testing";
		};
/* End PBXNativeTarget section */

/* Begin PBXProject section */
		617FC2E42D3A692C00E52154 /* Project object */ = {
			isa = PBXProject;
			attributes = {
				BuildIndependentTargetsInParallel = 1;
				LastSwiftUpdateCheck = 1620;
				LastUpgradeCheck = 1620;
				TargetAttributes = {
					617FC2EB2D3A692C00E52154 = {
						CreatedOnToolsVersion = 16.2;
					};
					617FC3052D3A692D00E52154 = {
						CreatedOnToolsVersion = 16.2;
						TestTargetID = 617FC2EB2D3A692C00E52154;
					};
					617FC30F2D3A692D00E52154 = {
						CreatedOnToolsVersion = 16.2;
						TestTargetID = 617FC2EB2D3A692C00E52154;
					};
				};
			};
			buildConfigurationList = 617FC2E72D3A692C00E52154 /* Build configuration list for PBXProject "TradingDiary" */;
			developmentRegion = en;
			hasScannedForEncodings = 0;
			knownRegions = (
				en,
				Base,
			);
			mainGroup = 617FC2E32D3A692C00E52154;
			minimizedProjectReferenceProxies = 1;
			preferredProjectObjectVersion = 77;
			productRefGroup = 617FC2ED2D3A692C00E52154 /* Products */;
			projectDirPath = "";
			projectRoot = "";
			targets = (
				617FC2EB2D3A692C00E52154 /* TradingDiary */,
				617FC3052D3A692D00E52154 /* TradingDiaryTests */,
				617FC30F2D3A692D00E52154 /* TradingDiaryUITests */,
			);
		};
/* End PBXProject section */

/* Begin PBXResourcesBuildPhase section */
		617FC2EA2D3A692C00E52154 /* Resources */ = {
			isa = PBXResourcesBuildPhase;
			buildActionMask = 2147483647;
			files = (
			);
			runOnlyForDeploymentPostprocessing = 0;
		};
		617FC3042D3A692D00E52154 /* Resources */ = {
			isa = PBXResourcesBuildPhase;
			buildActionMask = 2147483647;
			files = (
			);
			runOnlyForDeploymentPostprocessing = 0;
		};
		617FC30E2D3A692D00E52154 /* Resources */ = {
			isa = PBXResourcesBuildPhase;
			buildActionMask = 2147483647;
			files = (
			);
			runOnlyForDeploymentPostprocessing = 0;
		};
/* End PBXResourcesBuildPhase section */

/* Begin PBXSourcesBuildPhase section */
		617FC2E82D3A692C00E52154 /* Sources */ = {
			isa = PBXSourcesBuildPhase;
			buildActionMask = 2147483647;
			files = (
			);
			runOnlyForDeploymentPostprocessing = 0;
		};
		617FC3022D3A692D00E52154 /* Sources */ = {
			isa = PBXSourcesBuildPhase;
			buildActionMask = 2147483647;
			files = (
			);
			runOnlyForDeploymentPostprocessing = 0;
		};
		617FC30C2D3A692D00E52154 /* Sources */ = {
			isa = PBXSourcesBuildPhase;
			buildActionMask = 2147483647;
			files = (
			);
			runOnlyForDeploymentPostprocessing = 0;
		};
/* End PBXSourcesBuildPhase section */

/* Begin PBXTargetDependency section */
		617FC3082D3A692D00E52154 /* PBXTargetDependency */ = {
			isa = PBXTargetDependency;
			target = 617FC2EB2D3A692C00E52154 /* TradingDiary */;
			targetProxy = 617FC3072D3A692D00E52154 /* PBXContainerItemProxy */;
		};
		617FC3122D3A692D00E52154 /* PBXTargetDependency */ = {
			isa = PBXTargetDependency;
			target = 617FC2EB2D3A692C00E52154 /* TradingDiary */;
			targetProxy = 617FC3112D3A692D00E52154 /* PBXContainerItemProxy */;
		};
/* End PBXTargetDependency section */

/* Begin XCBuildConfiguration section */
		617FC31A2D3A692D00E52154 /* Debug */ = {
			isa = XCBuildConfiguration;
			buildSettings = {
				ASSETCATALOG_COMPILER_APPICON_NAME = AppIcon;
				ASSETCATALOG_COMPILER_GLOBAL_ACCENT_COLOR_NAME = AccentColor;
				CODE_SIGN_ENTITLEMENTS = TradingDiary/TradingDiary.entitlements;
				CODE_SIGN_STYLE = Automatic;
				CURRENT_PROJECT_VERSION = 1;
				DEVELOPMENT_TEAM = 5P2MVJMNMA;
				GENERATE_INFOPLIST_FILE = YES;
				INFOPLIST_FILE = TradingDiary/Info.plist;
				INFOPLIST_KEY_UIApplicationSupportsIndirectInputEvents = YES;
				INFOPLIST_KEY_UILaunchStoryboardName = LaunchScreen;
				INFOPLIST_KEY_UIMainStoryboardFile = Main;
				INFOPLIST_KEY_UISupportedInterfaceOrientations_iPad = "UIInterfaceOrientationPortrait UIInterfaceOrientationPortraitUpsideDown UIInterfaceOrientationLandscapeLeft UIInterfaceOrientationLandscapeRight";
				INFOPLIST_KEY_UISupportedInterfaceOrientations_iPhone = "UIInterfaceOrientationPortrait UIInterfaceOrientationLandscapeLeft UIInterfaceOrientationLandscapeRight";
				LD_RUNPATH_SEARCH_PATHS = (
					"$(inherited)",
					"@executable_path/Frameworks",
				);
				MARKETING_VERSION = 1.0;
				PRODUCT_BUNDLE_IDENTIFIER = com.ABNprogs.TradingDiary;
				PRODUCT_NAME = "$(TARGET_NAME)";
				SWIFT_EMIT_LOC_STRINGS = YES;
				SWIFT_VERSION = 5.0;
				TARGETED_DEVICE_FAMILY = "1,2";
			};
			name = Debug;
		};
		617FC31B2D3A692D00E52154 /* Release */ = {
			isa = XCBuildConfiguration;
			buildSettings = {
				ASSETCATALOG_COMPILER_APPICON_NAME = AppIcon;
				ASSETCATALOG_COMPILER_GLOBAL_ACCENT_COLOR_NAME = AccentColor;
				CODE_SIGN_ENTITLEMENTS = TradingDiary/TradingDiary.entitlements;
				CODE_SIGN_STYLE = Automatic;
				CURRENT_PROJECT_VERSION = 1;
				DEVELOPMENT_TEAM = 5P2MVJMNMA;
				GENERATE_INFOPLIST_FILE = YES;
				INFOPLIST_FILE = TradingDiary/Info.plist;
				INFOPLIST_KEY_UIApplicationSupportsIndirectInputEvents = YES;
				INFOPLIST_KEY_UILaunchStoryboardName = LaunchScreen;
				INFOPLIST_KEY_UIMainStoryboardFile = Main;
				INFOPLIST_KEY_UISupportedInterfaceOrientations_iPad = "UIInterfaceOrientationPortrait UIInterfaceOrientationPortraitUpsideDown UIInterfaceOrientationLandscapeLeft UIInterfaceOrientationLandscapeRight";
				INFOPLIST_KEY_UISupportedInterfaceOrientations_iPhone = "UIInterfaceOrientationPortrait UIInterfaceOrientationLandscapeLeft UIInterfaceOrientationLandscapeRight";
				LD_RUNPATH_SEARCH_PATHS = (
					"$(inherited)",
					"@executable_path/Frameworks",
				);
				MARKETING_VERSION = 1.0;
				PRODUCT_BUNDLE_IDENTIFIER = com.ABNprogs.TradingDiary;
				PRODUCT_NAME = "$(TARGET_NAME)";
				SWIFT_EMIT_LOC_STRINGS = YES;
				SWIFT_VERSION = 5.0;
				TARGETED_DEVICE_FAMILY = "1,2";
			};
			name = Release;
		};
		617FC31C2D3A692D00E52154 /* Debug */ = {
			isa = XCBuildConfiguration;
			buildSettings = {
				ALWAYS_SEARCH_USER_PATHS = NO;
				ASSETCATALOG_COMPILER_GENERATE_SWIFT_ASSET_SYMBOL_EXTENSIONS = YES;
				CLANG_ANALYZER_NONNULL = YES;
				CLANG_ANALYZER_NUMBER_OBJECT_CONVERSION = YES_AGGRESSIVE;
				CLANG_CXX_LANGUAGE_STANDARD = "gnu++20";
				CLANG_ENABLE_MODULES = YES;
				CLANG_ENABLE_OBJC_ARC = YES;
				CLANG_ENABLE_OBJC_WEAK = YES;
				CLANG_WARN_BLOCK_CAPTURE_AUTORELEASING = YES;
				CLANG_WARN_BOOL_CONVERSION = YES;
				CLANG_WARN_COMMA = YES;
				CLANG_WARN_CONSTANT_CONVERSION = YES;
				CLANG_WARN_DEPRECATED_OBJC_IMPLEMENTATIONS = YES;
				CLANG_WARN_DIRECT_OBJC_ISA_USAGE = YES_ERROR;
				CLANG_WARN_DOCUMENTATION_COMMENTS = YES;
				CLANG_WARN_EMPTY_BODY = YES;
				CLANG_WARN_ENUM_CONVERSION = YES;
				CLANG_WARN_INFINITE_RECURSION = YES;
				CLANG_WARN_INT_CONVERSION = YES;
				CLANG_WARN_NON_LITERAL_NULL_CONVERSION = YES;
				CLANG_WARN_OBJC_IMPLICIT_RETAIN_SELF = YES;
				CLANG_WARN_OBJC_LITERAL_CONVERSION = YES;
				CLANG_WARN_OBJC_ROOT_CLASS = YES_ERROR;
				CLANG_WARN_QUOTED_INCLUDE_IN_FRAMEWORK_HEADER = YES;
				CLANG_WARN_RANGE_LOOP_ANALYSIS = YES;
				CLANG_WARN_STRICT_PROTOTYPES = YES;
				CLANG_WARN_SUSPICIOUS_MOVE = YES;
				CLANG_WARN_UNGUARDED_AVAILABILITY = YES_AGGRESSIVE;
				CLANG_WARN_UNREACHABLE_CODE = YES;
				CLANG_WARN__DUPLICATE_METHOD_MATCH = YES;
				COPY_PHASE_STRIP = NO;
				DEBUG_INFORMATION_FORMAT = dwarf;
				ENABLE_STRICT_OBJC_MSGSEND = YES;
				ENABLE_TESTABILITY = YES;
				ENABLE_USER_SCRIPT_SANDBOXING = YES;
				GCC_C_LANGUAGE_STANDARD = gnu17;
				GCC_DYNAMIC_NO_PIC = NO;
				GCC_NO_COMMON_BLOCKS = YES;
				GCC_OPTIMIZATION_LEVEL = 0;
				GCC_PREPROCESSOR_DEFINITIONS = (
					"DEBUG=1",
					"$(inherited)",
				);
				GCC_WARN_64_TO_32_BIT_CONVERSION = YES;
				GCC_WARN_ABOUT_RETURN_TYPE = YES_ERROR;
				GCC_WARN_UNDECLARED_SELECTOR = YES;
				GCC_WARN_UNINITIALIZED_AUTOS = YES_AGGRESSIVE;
				GCC_WARN_UNUSED_FUNCTION = YES;
				GCC_WARN_UNUSED_VARIABLE = YES;
				IPHONEOS_DEPLOYMENT_TARGET = 18.2;
				LOCALIZATION_PREFERS_STRING_CATALOGS = YES;
				MTL_ENABLE_DEBUG_INFO = INCLUDE_SOURCE;
				MTL_FAST_MATH = YES;
				ONLY_ACTIVE_ARCH = YES;
				SDKROOT = iphoneos;
				SWIFT_ACTIVE_COMPILATION_CONDITIONS = "DEBUG $(inherited)";
				SWIFT_OPTIMIZATION_LEVEL = "-Onone";
			};
			name = Debug;
		};
		617FC31D2D3A692D00E52154 /* Release */ = {
			isa = XCBuildConfiguration;
			buildSettings = {
				ALWAYS_SEARCH_USER_PATHS = NO;
				ASSETCATALOG_COMPILER_GENERATE_SWIFT_ASSET_SYMBOL_EXTENSIONS = YES;
				CLANG_ANALYZER_NONNULL = YES;
				CLANG_ANALYZER_NUMBER_OBJECT_CONVERSION = YES_AGGRESSIVE;
				CLANG_CXX_LANGUAGE_STANDARD = "gnu++20";
				CLANG_ENABLE_MODULES = YES;
				CLANG_ENABLE_OBJC_ARC = YES;
				CLANG_ENABLE_OBJC_WEAK = YES;
				CLANG_WARN_BLOCK_CAPTURE_AUTORELEASING = YES;
				CLANG_WARN_BOOL_CONVERSION = YES;
				CLANG_WARN_COMMA = YES;
				CLANG_WARN_CONSTANT_CONVERSION = YES;
				CLANG_WARN_DEPRECATED_OBJC_IMPLEMENTATIONS = YES;
				CLANG_WARN_DIRECT_OBJC_ISA_USAGE = YES_ERROR;
				CLANG_WARN_DOCUMENTATION_COMMENTS = YES;
				CLANG_WARN_EMPTY_BODY = YES;
				CLANG_WARN_ENUM_CONVERSION = YES;
				CLANG_WARN_INFINITE_RECURSION = YES;
				CLANG_WARN_INT_CONVERSION = YES;
				CLANG_WARN_NON_LITERAL_NULL_CONVERSION = YES;
				CLANG_WARN_OBJC_IMPLICIT_RETAIN_SELF = YES;
				CLANG_WARN_OBJC_LITERAL_CONVERSION = YES;
				CLANG_WARN_OBJC_ROOT_CLASS = YES_ERROR;
				CLANG_WARN_QUOTED_INCLUDE_IN_FRAMEWORK_HEADER = YES;
				CLANG_WARN_RANGE_LOOP_ANALYSIS = YES;
				CLANG_WARN_STRICT_PROTOTYPES = YES;
				CLANG_WARN_SUSPICIOUS_MOVE = YES;
				CLANG_WARN_UNGUARDED_AVAILABILITY = YES_AGGRESSIVE;
				CLANG_WARN_UNREACHABLE_CODE = YES;
				CLANG_WARN__DUPLICATE_METHOD_MATCH = YES;
				COPY_PHASE_STRIP = NO;
				DEBUG_INFORMATION_FORMAT = "dwarf-with-dsym";
				ENABLE_NS_ASSERTIONS = NO;
				ENABLE_STRICT_OBJC_MSGSEND = YES;
				ENABLE_USER_SCRIPT_SANDBOXING = YES;
				GCC_C_LANGUAGE_STANDARD = gnu17;
				GCC_NO_COMMON_BLOCKS = YES;
				GCC_WARN_64_TO_32_BIT_CONVERSION = YES;
				GCC_WARN_ABOUT_RETURN_TYPE = YES_ERROR;
				GCC_WARN_UNDECLARED_SELECTOR = YES;
				GCC_WARN_UNINITIALIZED_AUTOS = YES_AGGRESSIVE;
				GCC_WARN_UNUSED_FUNCTION = YES;
				GCC_WARN_UNUSED_VARIABLE = YES;
				IPHONEOS_DEPLOYMENT_TARGET = 18.2;
				LOCALIZATION_PREFERS_STRING_CATALOGS = YES;
				MTL_ENABLE_DEBUG_INFO = NO;
				MTL_FAST_MATH = YES;
				SDKROOT = iphoneos;
				SWIFT_COMPILATION_MODE = wholemodule;
				VALIDATE_PRODUCT = YES;
			};
			name = Release;
		};
		617FC31F2D3A692D00E52154 /* Debug */ = {
			isa = XCBuildConfiguration;
			buildSettings = {
				BUNDLE_LOADER = "$(TEST_HOST)";
				CODE_SIGN_STYLE = Automatic;
				CURRENT_PROJECT_VERSION = 1;
				DEVELOPMENT_TEAM = 5P2MVJMNMA;
				GENERATE_INFOPLIST_FILE = YES;
				IPHONEOS_DEPLOYMENT_TARGET = 18.2;
				MARKETING_VERSION = 1.0;
				PRODUCT_BUNDLE_IDENTIFIER = com.ABNprogs.TradingDiaryTests;
				PRODUCT_NAME = "$(TARGET_NAME)";
				SWIFT_EMIT_LOC_STRINGS = NO;
				SWIFT_VERSION = 5.0;
				TARGETED_DEVICE_FAMILY = "1,2";
				TEST_HOST = "$(BUILT_PRODUCTS_DIR)/TradingDiary.app/$(BUNDLE_EXECUTABLE_FOLDER_PATH)/TradingDiary";
			};
			name = Debug;
		};
		617FC3202D3A692D00E52154 /* Release */ = {
			isa = XCBuildConfiguration;
			buildSettings = {
				BUNDLE_LOADER = "$(TEST_HOST)";
				CODE_SIGN_STYLE = Automatic;
				CURRENT_PROJECT_VERSION = 1;
				DEVELOPMENT_TEAM = 5P2MVJMNMA;
				GENERATE_INFOPLIST_FILE = YES;
				IPHONEOS_DEPLOYMENT_TARGET = 18.2;
				MARKETING_VERSION = 1.0;
				PRODUCT_BUNDLE_IDENTIFIER = com.ABNprogs.TradingDiaryTests;
				PRODUCT_NAME = "$(TARGET_NAME)";
				SWIFT_EMIT_LOC_STRINGS = NO;
				SWIFT_VERSION = 5.0;
				TARGETED_DEVICE_FAMILY = "1,2";
				TEST_HOST = "$(BUILT_PRODUCTS_DIR)/TradingDiary.app/$(BUNDLE_EXECUTABLE_FOLDER_PATH)/TradingDiary";
			};
			name = Release;
		};
		617FC3222D3A692D00E52154 /* Debug */ = {
			isa = XCBuildConfiguration;
			buildSettings = {
				CODE_SIGN_STYLE = Automatic;
				CURRENT_PROJECT_VERSION = 1;
				DEVELOPMENT_TEAM = 5P2MVJMNMA;
				GENERATE_INFOPLIST_FILE = YES;
				MARKETING_VERSION = 1.0;
				PRODUCT_BUNDLE_IDENTIFIER = com.ABNprogs.TradingDiaryUITests;
				PRODUCT_NAME = "$(TARGET_NAME)";
				SWIFT_EMIT_LOC_STRINGS = NO;
				SWIFT_VERSION = 5.0;
				TARGETED_DEVICE_FAMILY = "1,2";
				TEST_TARGET_NAME = TradingDiary;
			};
			name = Debug;
		};
		617FC3232D3A692D00E52154 /* Release */ = {
			isa = XCBuildConfiguration;
			buildSettings = {
				CODE_SIGN_STYLE = Automatic;
				CURRENT_PROJECT_VERSION = 1;
				DEVELOPMENT_TEAM = 5P2MVJMNMA;
				GENERATE_INFOPLIST_FILE = YES;
				MARKETING_VERSION = 1.0;
				PRODUCT_BUNDLE_IDENTIFIER = com.ABNprogs.TradingDiaryUITests;
				PRODUCT_NAME = "$(TARGET_NAME)";
				SWIFT_EMIT_LOC_STRINGS = NO;
				SWIFT_VERSION = 5.0;
				TARGETED_DEVICE_FAMILY = "1,2";
				TEST_TARGET_NAME = TradingDiary;
			};
			name = Release;
		};
/* End XCBuildConfiguration section */

/* Begin XCConfigurationList section */
		617FC2E72D3A692C00E52154 /* Build configuration list for PBXProject "TradingDiary" */ = {
			isa = XCConfigurationList;
			buildConfigurations = (
				617FC31C2D3A692D00E52154 /* Debug */,
				617FC31D2D3A692D00E52154 /* Release */,
			);
			defaultConfigurationIsVisible = 0;
			defaultConfigurationName = Release;
		};
		617FC3192D3A692D00E52154 /* Build configuration list for PBXNativeTarget "TradingDiary" */ = {
			isa = XCConfigurationList;
			buildConfigurations = (
				617FC31A2D3A692D00E52154 /* Debug */,
				617FC31B2D3A692D00E52154 /* Release */,
			);
			defaultConfigurationIsVisible = 0;
			defaultConfigurationName = Release;
		};
		617FC31E2D3A692D00E52154 /* Build configuration list for PBXNativeTarget "TradingDiaryTests" */ = {
			isa = XCConfigurationList;
			buildConfigurations = (
				617FC31F2D3A692D00E52154 /* Debug */,
				617FC3202D3A692D00E52154 /* Release */,
			);
			defaultConfigurationIsVisible = 0;
			defaultConfigurationName = Release;
		};
		617FC3212D3A692D00E52154 /* Build configuration list for PBXNativeTarget "TradingDiaryUITests" */ = {
			isa = XCConfigurationList;
			buildConfigurations = (
				617FC3222D3A692D00E52154 /* Debug */,
				617FC3232D3A692D00E52154 /* Release */,
			);
			defaultConfigurationIsVisible = 0;
			defaultConfigurationName = Release;
		};
/* End XCConfigurationList section */
	};
	rootObject = 617FC2E42D3A692C00E52154 /* Project object */;
}
